
Microsoft Visual Studio Solution File, Format Version 12.00
# Visual Studio Version 17
VisualStudioVersion = 17.12.35728.132 d17.12
MinimumVisualStudioVersion = 10.0.40219.1
Project("{FAE04EC0-301F-11D3-BF4B-00C04F79EFBC}") = "Launcher", "Launcher\Launcher.csproj", "{CA7306E9-FB90-4D49-A59F-422468167ABB}"
	ProjectSection(ProjectDependencies) = postProject
		{1F87A20A-4D94-4F1E-8187-541DBE749678} = {1F87A20A-4D94-4F1E-8187-541DBE749678}
		{BE0AD112-91D5-47AB-AA12-68AA261EE1E9} = {BE0AD112-91D5-47AB-AA12-68AA261EE1E9}
		{06273C2B-0889-491C-96BD-9ECEBA4B401D} = {06273C2B-0889-491C-96BD-9ECEBA4B401D}
		{95A65344-106A-4994-8456-51B0F0EFB6C3} = {95A65344-106A-4994-8456-51B0F0EFB6C3}
		{AF1C106B-86B4-4AD6-8176-3E8D246E50D0} = {AF1C106B-86B4-4AD6-8176-3E8D246E50D0}
		{BC06AC8C-C576-4CDF-B732-F253599F0F34} = {BC06AC8C-C576-4CDF-B732-F253599F0F34}
		{162B43A2-BDB7-4609-B562-44801B0F0C71} = {162B43A2-BDB7-4609-B562-44801B0F0C71}
		{89A0E2D3-3359-4919-959A-33735B2A6374} = {89A0E2D3-3359-4919-959A-33735B2A6374}
	EndProjectSection
EndProject
Project("{2150E333-8FDC-42A3-9474-1A3956D46DE8}") = "User Interface", "User Interface", "{F38074A9-D464-421F-BF7D-A4E2DBDBED4C}"
EndProject
Project("{2150E333-8FDC-42A3-9474-1A3956D46DE8}") = "Libraries", "Libraries", "{1CDFBB4E-1857-41C1-8EBF-A177337F6173}"
EndProject
Project("{FAE04EC0-301F-11D3-BF4B-00C04F79EFBC}") = "LocalResources", "..\LocalResources\LocalResources.csproj", "{1F87A20A-4D94-4F1E-8187-541DBE749678}"
EndProject
Project("{FAE04EC0-301F-11D3-BF4B-00C04F79EFBC}") = "ClientSupport", "..\ClientSupport\ClientSupport.csproj", "{AF1C106B-86B4-4AD6-8176-3E8D246E50D0}"
EndProject
Project("{FAE04EC0-301F-11D3-BF4B-00C04F79EFBC}") = "SteamIF", "..\SteamIF\SteamIF.csproj", "{C08B11B3-E0E7-4FD7-A6C1-69FB40ABE8AE}"
EndProject
Project("{FAE04EC0-301F-11D3-BF4B-00C04F79EFBC}") = "CBViewModel", "..\CBViewModel\CBViewModel.csproj", "{BC06AC8C-C576-4CDF-B732-F253599F0F34}"
EndProject
Project("{FAE04EC0-301F-11D3-BF4B-00C04F79EFBC}") = "FrontierSupport", "..\FrontierSupport\FrontierSupport.csproj", "{96DC2A34-F64C-4178-9AA3-879515ABF183}"
EndProject
Project("{FAE04EC0-301F-11D3-BF4B-00C04F79EFBC}") = "FDUserControls", "FDUserControls\FDUserControls.csproj", "{BE0AD112-91D5-47AB-AA12-68AA261EE1E9}"
	ProjectSection(ProjectDependencies) = postProject
		{1F87A20A-4D94-4F1E-8187-541DBE749678} = {1F87A20A-4D94-4F1E-8187-541DBE749678}
	EndProjectSection
EndProject
Project("{2150E333-8FDC-42A3-9474-1A3956D46DE8}") = "ReleaseTools", "ReleaseTools", "{D531D264-6598-4E4F-8810-85D21B4D8B2E}"
EndProject
Project("{FAE04EC0-301F-11D3-BF4B-00C04F79EFBC}") = "HardwareReporter", "..\HardwareReporter\HardwareReporter.csproj", "{95A65344-106A-4994-8456-51B0F0EFB6C3}"
EndProject
Project("{FAE04EC0-301F-11D3-BF4B-00C04F79EFBC}") = "CrashReporter", "..\CrashReporter\CrashReporter.csproj", "{162B43A2-BDB7-4609-B562-44801B0F0C71}"
EndProject
Project("{FAE04EC0-301F-11D3-BF4B-00C04F79EFBC}") = "FORCServerSupport", "..\FORCServerSupport\FORCServerSupport.csproj", "{06273C2B-0889-491C-96BD-9ECEBA4B401D}"
EndProject
Project("{FAE04EC0-301F-11D3-BF4B-00C04F79EFBC}") = "JSONConverters", "JSONConverters\JSONConverters.csproj", "{89A0E2D3-3359-4919-959A-33735B2A6374}"
EndProject
Project("{FAE04EC0-301F-11D3-BF4B-00C04F79EFBC}") = "LauncherModel", "LauncherModel\LauncherModel.csproj", "{9E25E194-42FD-44B2-AAD3-A0BC73FCF8D0}"
	ProjectSection(ProjectDependencies) = postProject
		{BC06AC8C-C576-4CDF-B732-F253599F0F34} = {BC06AC8C-C576-4CDF-B732-F253599F0F34}
		{89A0E2D3-3359-4919-959A-33735B2A6374} = {89A0E2D3-3359-4919-959A-33735B2A6374}
	EndProjectSection
EndProject
Project("{FAE04EC0-301F-11D3-BF4B-00C04F79EFBC}") = "MachineIdentifier", "..\MachineIdentifier\MachineIdentifier.csproj", "{23138697-94A9-4F9B-871A-34C6E3C5B752}"
EndProject
Project("{FAE04EC0-301F-11D3-BF4B-00C04F79EFBC}") = "FilePackage", "..\FilePackage\FilePackage.csproj", "{D35A15F7-B429-467B-9D0E-9885E5D9E82D}"
EndProject
Global
	GlobalSection(SolutionConfigurationPlatforms) = preSolution
		64 bit tools|Any CPU = 64 bit tools|Any CPU
		64 bit tools|x64 = 64 bit tools|x64
		64 bit tools|x86 = 64 bit tools|x86
		Debug|Any CPU = Debug|Any CPU
		Debug|x64 = Debug|x64
		Debug|x86 = Debug|x86
		Dev-Release|Any CPU = Dev-Release|Any CPU
		Dev-Release|x64 = Dev-Release|x64
		Dev-Release|x86 = Dev-Release|x86
		Release|Any CPU = Release|Any CPU
		Release|x64 = Release|x64
		Release|x86 = Release|x86
	EndGlobalSection
	GlobalSection(ProjectConfigurationPlatforms) = postSolution
		{CA7306E9-FB90-4D49-A59F-422468167ABB}.64 bit tools|Any CPU.ActiveCfg = Release|Any CPU
		{CA7306E9-FB90-4D49-A59F-422468167ABB}.64 bit tools|x64.ActiveCfg = Debug|Any CPU
		{CA7306E9-FB90-4D49-A59F-422468167ABB}.64 bit tools|x64.Build.0 = Debug|Any CPU
		{CA7306E9-FB90-4D49-A59F-422468167ABB}.64 bit tools|x86.ActiveCfg = Debug|Any CPU
		{CA7306E9-FB90-4D49-A59F-422468167ABB}.64 bit tools|x86.Build.0 = Debug|Any CPU
		{CA7306E9-FB90-4D49-A59F-422468167ABB}.Debug|Any CPU.ActiveCfg = Debug|Any CPU
		{CA7306E9-FB90-4D49-A59F-422468167ABB}.Debug|Any CPU.Build.0 = Debug|Any CPU
		{CA7306E9-FB90-4D49-A59F-422468167ABB}.Debug|x64.ActiveCfg = Debug|Any CPU
		{CA7306E9-FB90-4D49-A59F-422468167ABB}.Debug|x64.Build.0 = Debug|Any CPU
		{CA7306E9-FB90-4D49-A59F-422468167ABB}.Debug|x86.ActiveCfg = Debug|Any CPU
		{CA7306E9-FB90-4D49-A59F-422468167ABB}.Debug|x86.Build.0 = Debug|Any CPU
		{CA7306E9-FB90-4D49-A59F-422468167ABB}.Dev-Release|Any CPU.ActiveCfg = Dev-Release|Any CPU
		{CA7306E9-FB90-4D49-A59F-422468167ABB}.Dev-Release|Any CPU.Build.0 = Dev-Release|Any CPU
		{CA7306E9-FB90-4D49-A59F-422468167ABB}.Dev-Release|x64.ActiveCfg = Dev-Release|Any CPU
		{CA7306E9-FB90-4D49-A59F-422468167ABB}.Dev-Release|x64.Build.0 = Dev-Release|Any CPU
		{CA7306E9-FB90-4D49-A59F-422468167ABB}.Dev-Release|x86.ActiveCfg = Release|Any CPU
		{CA7306E9-FB90-4D49-A59F-422468167ABB}.Dev-Release|x86.Build.0 = Release|Any CPU
		{CA7306E9-FB90-4D49-A59F-422468167ABB}.Release|Any CPU.ActiveCfg = Release|Any CPU
		{CA7306E9-FB90-4D49-A59F-422468167ABB}.Release|Any CPU.Build.0 = Release|Any CPU
		{CA7306E9-FB90-4D49-A59F-422468167ABB}.Release|x64.ActiveCfg = Release|Any CPU
		{CA7306E9-FB90-4D49-A59F-422468167ABB}.Release|x64.Build.0 = Release|Any CPU
		{CA7306E9-FB90-4D49-A59F-422468167ABB}.Release|x86.ActiveCfg = Release|Any CPU
		{CA7306E9-FB90-4D49-A59F-422468167ABB}.Release|x86.Build.0 = Release|Any CPU
		{1F87A20A-4D94-4F1E-8187-541DBE749678}.64 bit tools|Any CPU.ActiveCfg = 64 bit tools|Any CPU
		{1F87A20A-4D94-4F1E-8187-541DBE749678}.64 bit tools|x64.ActiveCfg = 64 bit tools|Any CPU
		{1F87A20A-4D94-4F1E-8187-541DBE749678}.64 bit tools|x64.Build.0 = 64 bit tools|Any CPU
		{1F87A20A-4D94-4F1E-8187-541DBE749678}.64 bit tools|x86.ActiveCfg = 64 bit tools|Any CPU
		{1F87A20A-4D94-4F1E-8187-541DBE749678}.64 bit tools|x86.Build.0 = 64 bit tools|Any CPU
		{1F87A20A-4D94-4F1E-8187-541DBE749678}.Debug|Any CPU.ActiveCfg = Debug|Any CPU
		{1F87A20A-4D94-4F1E-8187-541DBE749678}.Debug|Any CPU.Build.0 = Debug|Any CPU
		{1F87A20A-4D94-4F1E-8187-541DBE749678}.Debug|x64.ActiveCfg = Debug|Any CPU
		{1F87A20A-4D94-4F1E-8187-541DBE749678}.Debug|x64.Build.0 = Debug|Any CPU
		{1F87A20A-4D94-4F1E-8187-541DBE749678}.Debug|x86.ActiveCfg = Debug|Any CPU
		{1F87A20A-4D94-4F1E-8187-541DBE749678}.Debug|x86.Build.0 = Debug|Any CPU
		{1F87A20A-4D94-4F1E-8187-541DBE749678}.Dev-Release|Any CPU.ActiveCfg = Release|Any CPU
		{1F87A20A-4D94-4F1E-8187-541DBE749678}.Dev-Release|Any CPU.Build.0 = Release|Any CPU
		{1F87A20A-4D94-4F1E-8187-541DBE749678}.Dev-Release|x64.ActiveCfg = Release|Any CPU
		{1F87A20A-4D94-4F1E-8187-541DBE749678}.Dev-Release|x64.Build.0 = Release|Any CPU
		{1F87A20A-4D94-4F1E-8187-541DBE749678}.Dev-Release|x86.ActiveCfg = Release|Any CPU
		{1F87A20A-4D94-4F1E-8187-541DBE749678}.Dev-Release|x86.Build.0 = Release|Any CPU
		{1F87A20A-4D94-4F1E-8187-541DBE749678}.Release|Any CPU.ActiveCfg = Release|Any CPU
		{1F87A20A-4D94-4F1E-8187-541DBE749678}.Release|Any CPU.Build.0 = Release|Any CPU
		{1F87A20A-4D94-4F1E-8187-541DBE749678}.Release|x64.ActiveCfg = Release|Any CPU
		{1F87A20A-4D94-4F1E-8187-541DBE749678}.Release|x64.Build.0 = Release|Any CPU
		{1F87A20A-4D94-4F1E-8187-541DBE749678}.Release|x86.ActiveCfg = Release|Any CPU
		{1F87A20A-4D94-4F1E-8187-541DBE749678}.Release|x86.Build.0 = Release|Any CPU
		{AF1C106B-86B4-4AD6-8176-3E8D246E50D0}.64 bit tools|Any CPU.ActiveCfg = 64 bit tools|Any CPU
		{AF1C106B-86B4-4AD6-8176-3E8D246E50D0}.64 bit tools|x64.ActiveCfg = 64 bit tools|Any CPU
		{AF1C106B-86B4-4AD6-8176-3E8D246E50D0}.64 bit tools|x64.Build.0 = 64 bit tools|Any CPU
		{AF1C106B-86B4-4AD6-8176-3E8D246E50D0}.64 bit tools|x86.ActiveCfg = 64 bit tools|Any CPU
		{AF1C106B-86B4-4AD6-8176-3E8D246E50D0}.64 bit tools|x86.Build.0 = 64 bit tools|Any CPU
		{AF1C106B-86B4-4AD6-8176-3E8D246E50D0}.Debug|Any CPU.ActiveCfg = Debug|Any CPU
		{AF1C106B-86B4-4AD6-8176-3E8D246E50D0}.Debug|Any CPU.Build.0 = Debug|Any CPU
		{AF1C106B-86B4-4AD6-8176-3E8D246E50D0}.Debug|x64.ActiveCfg = Debug|Any CPU
		{AF1C106B-86B4-4AD6-8176-3E8D246E50D0}.Debug|x64.Build.0 = Debug|Any CPU
		{AF1C106B-86B4-4AD6-8176-3E8D246E50D0}.Debug|x86.ActiveCfg = Debug|Any CPU
		{AF1C106B-86B4-4AD6-8176-3E8D246E50D0}.Debug|x86.Build.0 = Debug|Any CPU
		{AF1C106B-86B4-4AD6-8176-3E8D246E50D0}.Dev-Release|Any CPU.ActiveCfg = Dev-Release|Any CPU
		{AF1C106B-86B4-4AD6-8176-3E8D246E50D0}.Dev-Release|Any CPU.Build.0 = Dev-Release|Any CPU
		{AF1C106B-86B4-4AD6-8176-3E8D246E50D0}.Dev-Release|x64.ActiveCfg = Dev-Release|Any CPU
		{AF1C106B-86B4-4AD6-8176-3E8D246E50D0}.Dev-Release|x64.Build.0 = Dev-Release|Any CPU
		{AF1C106B-86B4-4AD6-8176-3E8D246E50D0}.Dev-Release|x86.ActiveCfg = Dev-Release|Any CPU
		{AF1C106B-86B4-4AD6-8176-3E8D246E50D0}.Dev-Release|x86.Build.0 = Dev-Release|Any CPU
		{AF1C106B-86B4-4AD6-8176-3E8D246E50D0}.Release|Any CPU.ActiveCfg = Release|Any CPU
		{AF1C106B-86B4-4AD6-8176-3E8D246E50D0}.Release|Any CPU.Build.0 = Release|Any CPU
		{AF1C106B-86B4-4AD6-8176-3E8D246E50D0}.Release|x64.ActiveCfg = Release|Any CPU
		{AF1C106B-86B4-4AD6-8176-3E8D246E50D0}.Release|x64.Build.0 = Release|Any CPU
		{AF1C106B-86B4-4AD6-8176-3E8D246E50D0}.Release|x86.ActiveCfg = Release|Any CPU
		{AF1C106B-86B4-4AD6-8176-3E8D246E50D0}.Release|x86.Build.0 = Release|Any CPU
		{C08B11B3-E0E7-4FD7-A6C1-69FB40ABE8AE}.64 bit tools|Any CPU.ActiveCfg = Release|Any CPU
		{C08B11B3-E0E7-4FD7-A6C1-69FB40ABE8AE}.64 bit tools|x64.ActiveCfg = Debug|Any CPU
		{C08B11B3-E0E7-4FD7-A6C1-69FB40ABE8AE}.64 bit tools|x64.Build.0 = Debug|Any CPU
		{C08B11B3-E0E7-4FD7-A6C1-69FB40ABE8AE}.64 bit tools|x86.ActiveCfg = Debug|Any CPU
		{C08B11B3-E0E7-4FD7-A6C1-69FB40ABE8AE}.64 bit tools|x86.Build.0 = Debug|Any CPU
		{C08B11B3-E0E7-4FD7-A6C1-69FB40ABE8AE}.Debug|Any CPU.ActiveCfg = Debug|Any CPU
		{C08B11B3-E0E7-4FD7-A6C1-69FB40ABE8AE}.Debug|Any CPU.Build.0 = Debug|Any CPU
		{C08B11B3-E0E7-4FD7-A6C1-69FB40ABE8AE}.Debug|x64.ActiveCfg = Debug|Any CPU
		{C08B11B3-E0E7-4FD7-A6C1-69FB40ABE8AE}.Debug|x64.Build.0 = Debug|Any CPU
		{C08B11B3-E0E7-4FD7-A6C1-69FB40ABE8AE}.Debug|x86.ActiveCfg = Debug|Any CPU
		{C08B11B3-E0E7-4FD7-A6C1-69FB40ABE8AE}.Debug|x86.Build.0 = Debug|Any CPU
		{C08B11B3-E0E7-4FD7-A6C1-69FB40ABE8AE}.Dev-Release|Any CPU.ActiveCfg = Release|Any CPU
		{C08B11B3-E0E7-4FD7-A6C1-69FB40ABE8AE}.Dev-Release|Any CPU.Build.0 = Release|Any CPU
		{C08B11B3-E0E7-4FD7-A6C1-69FB40ABE8AE}.Dev-Release|x64.ActiveCfg = Release|Any CPU
		{C08B11B3-E0E7-4FD7-A6C1-69FB40ABE8AE}.Dev-Release|x64.Build.0 = Release|Any CPU
		{C08B11B3-E0E7-4FD7-A6C1-69FB40ABE8AE}.Dev-Release|x86.ActiveCfg = Release|Any CPU
		{C08B11B3-E0E7-4FD7-A6C1-69FB40ABE8AE}.Dev-Release|x86.Build.0 = Release|Any CPU
		{C08B11B3-E0E7-4FD7-A6C1-69FB40ABE8AE}.Release|Any CPU.ActiveCfg = Release|Any CPU
		{C08B11B3-E0E7-4FD7-A6C1-69FB40ABE8AE}.Release|Any CPU.Build.0 = Release|Any CPU
		{C08B11B3-E0E7-4FD7-A6C1-69FB40ABE8AE}.Release|x64.ActiveCfg = Release|Any CPU
		{C08B11B3-E0E7-4FD7-A6C1-69FB40ABE8AE}.Release|x64.Build.0 = Release|Any CPU
		{C08B11B3-E0E7-4FD7-A6C1-69FB40ABE8AE}.Release|x86.ActiveCfg = Release|Any CPU
		{C08B11B3-E0E7-4FD7-A6C1-69FB40ABE8AE}.Release|x86.Build.0 = Release|Any CPU
		{BC06AC8C-C576-4CDF-B732-F253599F0F34}.64 bit tools|Any CPU.ActiveCfg = 64 bit tools|Any CPU
		{BC06AC8C-C576-4CDF-B732-F253599F0F34}.64 bit tools|x64.ActiveCfg = 64 bit tools|Any CPU
		{BC06AC8C-C576-4CDF-B732-F253599F0F34}.64 bit tools|x64.Build.0 = 64 bit tools|Any CPU
		{BC06AC8C-C576-4CDF-B732-F253599F0F34}.64 bit tools|x86.ActiveCfg = 64 bit tools|Any CPU
		{BC06AC8C-C576-4CDF-B732-F253599F0F34}.64 bit tools|x86.Build.0 = 64 bit tools|Any CPU
		{BC06AC8C-C576-4CDF-B732-F253599F0F34}.Debug|Any CPU.ActiveCfg = Debug|Any CPU
		{BC06AC8C-C576-4CDF-B732-F253599F0F34}.Debug|Any CPU.Build.0 = Debug|Any CPU
		{BC06AC8C-C576-4CDF-B732-F253599F0F34}.Debug|x64.ActiveCfg = Debug|Any CPU
		{BC06AC8C-C576-4CDF-B732-F253599F0F34}.Debug|x64.Build.0 = Debug|Any CPU
		{BC06AC8C-C576-4CDF-B732-F253599F0F34}.Debug|x86.ActiveCfg = Debug|Any CPU
		{BC06AC8C-C576-4CDF-B732-F253599F0F34}.Debug|x86.Build.0 = Debug|Any CPU
		{BC06AC8C-C576-4CDF-B732-F253599F0F34}.Dev-Release|Any CPU.ActiveCfg = Dev-Release|Any CPU
		{BC06AC8C-C576-4CDF-B732-F253599F0F34}.Dev-Release|Any CPU.Build.0 = Dev-Release|Any CPU
		{BC06AC8C-C576-4CDF-B732-F253599F0F34}.Dev-Release|x64.ActiveCfg = Dev-Release|Any CPU
		{BC06AC8C-C576-4CDF-B732-F253599F0F34}.Dev-Release|x64.Build.0 = Dev-Release|Any CPU
		{BC06AC8C-C576-4CDF-B732-F253599F0F34}.Dev-Release|x86.ActiveCfg = Dev-Release|Any CPU
		{BC06AC8C-C576-4CDF-B732-F253599F0F34}.Dev-Release|x86.Build.0 = Dev-Release|Any CPU
		{BC06AC8C-C576-4CDF-B732-F253599F0F34}.Release|Any CPU.ActiveCfg = Release|Any CPU
		{BC06AC8C-C576-4CDF-B732-F253599F0F34}.Release|Any CPU.Build.0 = Release|Any CPU
		{BC06AC8C-C576-4CDF-B732-F253599F0F34}.Release|x64.ActiveCfg = Release|Any CPU
		{BC06AC8C-C576-4CDF-B732-F253599F0F34}.Release|x64.Build.0 = Release|Any CPU
		{BC06AC8C-C576-4CDF-B732-F253599F0F34}.Release|x86.ActiveCfg = Release|Any CPU
		{BC06AC8C-C576-4CDF-B732-F253599F0F34}.Release|x86.Build.0 = Release|Any CPU
		{96DC2A34-F64C-4178-9AA3-879515ABF183}.64 bit tools|Any CPU.ActiveCfg = 64 bit tools|Any CPU
		{96DC2A34-F64C-4178-9AA3-879515ABF183}.64 bit tools|x64.ActiveCfg = 64 bit tools|Any CPU
		{96DC2A34-F64C-4178-9AA3-879515ABF183}.64 bit tools|x64.Build.0 = 64 bit tools|Any CPU
		{96DC2A34-F64C-4178-9AA3-879515ABF183}.64 bit tools|x86.ActiveCfg = 64 bit tools|Any CPU
		{96DC2A34-F64C-4178-9AA3-879515ABF183}.64 bit tools|x86.Build.0 = 64 bit tools|Any CPU
		{96DC2A34-F64C-4178-9AA3-879515ABF183}.Debug|Any CPU.ActiveCfg = Debug|Any CPU
		{96DC2A34-F64C-4178-9AA3-879515ABF183}.Debug|Any CPU.Build.0 = Debug|Any CPU
		{96DC2A34-F64C-4178-9AA3-879515ABF183}.Debug|x64.ActiveCfg = Debug|Any CPU
		{96DC2A34-F64C-4178-9AA3-879515ABF183}.Debug|x64.Build.0 = Debug|Any CPU
		{96DC2A34-F64C-4178-9AA3-879515ABF183}.Debug|x86.ActiveCfg = Debug|Any CPU
		{96DC2A34-F64C-4178-9AA3-879515ABF183}.Debug|x86.Build.0 = Debug|Any CPU
		{96DC2A34-F64C-4178-9AA3-879515ABF183}.Dev-Release|Any CPU.ActiveCfg = Dev-Release|Any CPU
		{96DC2A34-F64C-4178-9AA3-879515ABF183}.Dev-Release|Any CPU.Build.0 = Dev-Release|Any CPU
		{96DC2A34-F64C-4178-9AA3-879515ABF183}.Dev-Release|x64.ActiveCfg = Dev-Release|Any CPU
		{96DC2A34-F64C-4178-9AA3-879515ABF183}.Dev-Release|x64.Build.0 = Dev-Release|Any CPU
		{96DC2A34-F64C-4178-9AA3-879515ABF183}.Dev-Release|x86.ActiveCfg = Dev-Release|Any CPU
		{96DC2A34-F64C-4178-9AA3-879515ABF183}.Dev-Release|x86.Build.0 = Dev-Release|Any CPU
		{96DC2A34-F64C-4178-9AA3-879515ABF183}.Release|Any CPU.ActiveCfg = Release|Any CPU
		{96DC2A34-F64C-4178-9AA3-879515ABF183}.Release|Any CPU.Build.0 = Release|Any CPU
		{96DC2A34-F64C-4178-9AA3-879515ABF183}.Release|x64.ActiveCfg = Release|Any CPU
		{96DC2A34-F64C-4178-9AA3-879515ABF183}.Release|x64.Build.0 = Release|Any CPU
		{96DC2A34-F64C-4178-9AA3-879515ABF183}.Release|x86.ActiveCfg = Release|Any CPU
		{96DC2A34-F64C-4178-9AA3-879515ABF183}.Release|x86.Build.0 = Release|Any CPU
		{BE0AD112-91D5-47AB-AA12-68AA261EE1E9}.64 bit tools|Any CPU.ActiveCfg = Release|Any CPU
		{BE0AD112-91D5-47AB-AA12-68AA261EE1E9}.64 bit tools|x64.ActiveCfg = Debug|Any CPU
		{BE0AD112-91D5-47AB-AA12-68AA261EE1E9}.64 bit tools|x64.Build.0 = Debug|Any CPU
		{BE0AD112-91D5-47AB-AA12-68AA261EE1E9}.64 bit tools|x86.ActiveCfg = Debug|Any CPU
		{BE0AD112-91D5-47AB-AA12-68AA261EE1E9}.64 bit tools|x86.Build.0 = Debug|Any CPU
		{BE0AD112-91D5-47AB-AA12-68AA261EE1E9}.Debug|Any CPU.ActiveCfg = Debug|Any CPU
		{BE0AD112-91D5-47AB-AA12-68AA261EE1E9}.Debug|Any CPU.Build.0 = Debug|Any CPU
		{BE0AD112-91D5-47AB-AA12-68AA261EE1E9}.Debug|x64.ActiveCfg = Debug|Any CPU
		{BE0AD112-91D5-47AB-AA12-68AA261EE1E9}.Debug|x64.Build.0 = Debug|Any CPU
		{BE0AD112-91D5-47AB-AA12-68AA261EE1E9}.Debug|x86.ActiveCfg = Debug|Any CPU
		{BE0AD112-91D5-47AB-AA12-68AA261EE1E9}.Debug|x86.Build.0 = Debug|Any CPU
		{BE0AD112-91D5-47AB-AA12-68AA261EE1E9}.Dev-Release|Any CPU.ActiveCfg = Release|Any CPU
		{BE0AD112-91D5-47AB-AA12-68AA261EE1E9}.Dev-Release|Any CPU.Build.0 = Release|Any CPU
		{BE0AD112-91D5-47AB-AA12-68AA261EE1E9}.Dev-Release|x64.ActiveCfg = Release|Any CPU
		{BE0AD112-91D5-47AB-AA12-68AA261EE1E9}.Dev-Release|x64.Build.0 = Release|Any CPU
		{BE0AD112-91D5-47AB-AA12-68AA261EE1E9}.Dev-Release|x86.ActiveCfg = Release|Any CPU
		{BE0AD112-91D5-47AB-AA12-68AA261EE1E9}.Dev-Release|x86.Build.0 = Release|Any CPU
		{BE0AD112-91D5-47AB-AA12-68AA261EE1E9}.Release|Any CPU.ActiveCfg = Release|Any CPU
		{BE0AD112-91D5-47AB-AA12-68AA261EE1E9}.Release|Any CPU.Build.0 = Release|Any CPU
		{BE0AD112-91D5-47AB-AA12-68AA261EE1E9}.Release|x64.ActiveCfg = Release|Any CPU
		{BE0AD112-91D5-47AB-AA12-68AA261EE1E9}.Release|x64.Build.0 = Release|Any CPU
		{BE0AD112-91D5-47AB-AA12-68AA261EE1E9}.Release|x86.ActiveCfg = Release|Any CPU
		{BE0AD112-91D5-47AB-AA12-68AA261EE1E9}.Release|x86.Build.0 = Release|Any CPU
		{95A65344-106A-4994-8456-51B0F0EFB6C3}.64 bit tools|Any CPU.ActiveCfg = 64 bit tools|Any CPU
		{95A65344-106A-4994-8456-51B0F0EFB6C3}.64 bit tools|x64.ActiveCfg = 64 bit tools|Any CPU
		{95A65344-106A-4994-8456-51B0F0EFB6C3}.64 bit tools|x64.Build.0 = 64 bit tools|Any CPU
		{95A65344-106A-4994-8456-51B0F0EFB6C3}.64 bit tools|x86.ActiveCfg = 64 bit tools|Any CPU
		{95A65344-106A-4994-8456-51B0F0EFB6C3}.64 bit tools|x86.Build.0 = 64 bit tools|Any CPU
		{95A65344-106A-4994-8456-51B0F0EFB6C3}.Debug|Any CPU.ActiveCfg = Debug|Any CPU
		{95A65344-106A-4994-8456-51B0F0EFB6C3}.Debug|Any CPU.Build.0 = Debug|Any CPU
		{95A65344-106A-4994-8456-51B0F0EFB6C3}.Debug|x64.ActiveCfg = Debug|Any CPU
		{95A65344-106A-4994-8456-51B0F0EFB6C3}.Debug|x64.Build.0 = Debug|Any CPU
		{95A65344-106A-4994-8456-51B0F0EFB6C3}.Debug|x86.ActiveCfg = Debug|Any CPU
		{95A65344-106A-4994-8456-51B0F0EFB6C3}.Debug|x86.Build.0 = Debug|Any CPU
		{95A65344-106A-4994-8456-51B0F0EFB6C3}.Dev-Release|Any CPU.ActiveCfg = Dev-Release|Any CPU
		{95A65344-106A-4994-8456-51B0F0EFB6C3}.Dev-Release|Any CPU.Build.0 = Dev-Release|Any CPU
		{95A65344-106A-4994-8456-51B0F0EFB6C3}.Dev-Release|x64.ActiveCfg = Dev-Release|Any CPU
		{95A65344-106A-4994-8456-51B0F0EFB6C3}.Dev-Release|x64.Build.0 = Dev-Release|Any CPU
		{95A65344-106A-4994-8456-51B0F0EFB6C3}.Dev-Release|x86.ActiveCfg = Dev-Release|Any CPU
		{95A65344-106A-4994-8456-51B0F0EFB6C3}.Dev-Release|x86.Build.0 = Dev-Release|Any CPU
		{95A65344-106A-4994-8456-51B0F0EFB6C3}.Release|Any CPU.ActiveCfg = Release|Any CPU
		{95A65344-106A-4994-8456-51B0F0EFB6C3}.Release|Any CPU.Build.0 = Release|Any CPU
		{95A65344-106A-4994-8456-51B0F0EFB6C3}.Release|x64.ActiveCfg = Release|Any CPU
		{95A65344-106A-4994-8456-51B0F0EFB6C3}.Release|x64.Build.0 = Release|Any CPU
		{95A65344-106A-4994-8456-51B0F0EFB6C3}.Release|x86.ActiveCfg = Release|Any CPU
		{95A65344-106A-4994-8456-51B0F0EFB6C3}.Release|x86.Build.0 = Release|Any CPU
		{162B43A2-BDB7-4609-B562-44801B0F0C71}.64 bit tools|Any CPU.ActiveCfg = 64 bit tools|Any CPU
		{162B43A2-BDB7-4609-B562-44801B0F0C71}.64 bit tools|Any CPU.Build.0 = 64 bit tools|Any CPU
		{162B43A2-BDB7-4609-B562-44801B0F0C71}.64 bit tools|x64.ActiveCfg = 64 bit tools|Any CPU
		{162B43A2-BDB7-4609-B562-44801B0F0C71}.64 bit tools|x64.Build.0 = 64 bit tools|Any CPU
		{162B43A2-BDB7-4609-B562-44801B0F0C71}.64 bit tools|x86.ActiveCfg = 64 bit tools|Any CPU
		{162B43A2-BDB7-4609-B562-44801B0F0C71}.64 bit tools|x86.Build.0 = 64 bit tools|Any CPU
		{162B43A2-BDB7-4609-B562-44801B0F0C71}.Debug|Any CPU.ActiveCfg = Debug|Any CPU
		{162B43A2-BDB7-4609-B562-44801B0F0C71}.Debug|Any CPU.Build.0 = Debug|Any CPU
		{162B43A2-BDB7-4609-B562-44801B0F0C71}.Debug|x64.ActiveCfg = Debug|Any CPU
		{162B43A2-BDB7-4609-B562-44801B0F0C71}.Debug|x64.Build.0 = Debug|Any CPU
		{162B43A2-BDB7-4609-B562-44801B0F0C71}.Debug|x86.ActiveCfg = Debug|Any CPU
		{162B43A2-BDB7-4609-B562-44801B0F0C71}.Debug|x86.Build.0 = Debug|Any CPU
		{162B43A2-BDB7-4609-B562-44801B0F0C71}.Dev-Release|Any CPU.ActiveCfg = Dev-Release|Any CPU
		{162B43A2-BDB7-4609-B562-44801B0F0C71}.Dev-Release|Any CPU.Build.0 = Dev-Release|Any CPU
		{162B43A2-BDB7-4609-B562-44801B0F0C71}.Dev-Release|x64.ActiveCfg = Dev-Release|Any CPU
		{162B43A2-BDB7-4609-B562-44801B0F0C71}.Dev-Release|x64.Build.0 = Dev-Release|Any CPU
		{162B43A2-BDB7-4609-B562-44801B0F0C71}.Dev-Release|x86.ActiveCfg = Dev-Release|Any CPU
		{162B43A2-BDB7-4609-B562-44801B0F0C71}.Dev-Release|x86.Build.0 = Dev-Release|Any CPU
		{162B43A2-BDB7-4609-B562-44801B0F0C71}.Release|Any CPU.ActiveCfg = Release|Any CPU
		{162B43A2-BDB7-4609-B562-44801B0F0C71}.Release|Any CPU.Build.0 = Release|Any CPU
		{162B43A2-BDB7-4609-B562-44801B0F0C71}.Release|x64.ActiveCfg = Release|Any CPU
		{162B43A2-BDB7-4609-B562-44801B0F0C71}.Release|x64.Build.0 = Release|Any CPU
		{162B43A2-BDB7-4609-B562-44801B0F0C71}.Release|x86.ActiveCfg = Release|Any CPU
		{162B43A2-BDB7-4609-B562-44801B0F0C71}.Release|x86.Build.0 = Release|Any CPU
		{06273C2B-0889-491C-96BD-9ECEBA4B401D}.64 bit tools|Any CPU.ActiveCfg = 64 bit tools|Any CPU
		{06273C2B-0889-491C-96BD-9ECEBA4B401D}.64 bit tools|Any CPU.Build.0 = 64 bit tools|Any CPU
		{06273C2B-0889-491C-96BD-9ECEBA4B401D}.64 bit tools|x64.ActiveCfg = 64 bit tools|Any CPU
		{06273C2B-0889-491C-96BD-9ECEBA4B401D}.64 bit tools|x64.Build.0 = 64 bit tools|Any CPU
		{06273C2B-0889-491C-96BD-9ECEBA4B401D}.64 bit tools|x86.ActiveCfg = 64 bit tools|Any CPU
		{06273C2B-0889-491C-96BD-9ECEBA4B401D}.64 bit tools|x86.Build.0 = 64 bit tools|Any CPU
		{06273C2B-0889-491C-96BD-9ECEBA4B401D}.Debug|Any CPU.ActiveCfg = Debug|Any CPU
		{06273C2B-0889-491C-96BD-9ECEBA4B401D}.Debug|Any CPU.Build.0 = Debug|Any CPU
		{06273C2B-0889-491C-96BD-9ECEBA4B401D}.Debug|x64.ActiveCfg = Debug|Any CPU
		{06273C2B-0889-491C-96BD-9ECEBA4B401D}.Debug|x64.Build.0 = Debug|Any CPU
		{06273C2B-0889-491C-96BD-9ECEBA4B401D}.Debug|x86.ActiveCfg = Debug|Any CPU
		{06273C2B-0889-491C-96BD-9ECEBA4B401D}.Debug|x86.Build.0 = Debug|Any CPU
		{06273C2B-0889-491C-96BD-9ECEBA4B401D}.Dev-Release|Any CPU.ActiveCfg = Dev-Release|Any CPU
		{06273C2B-0889-491C-96BD-9ECEBA4B401D}.Dev-Release|Any CPU.Build.0 = Dev-Release|Any CPU
		{06273C2B-0889-491C-96BD-9ECEBA4B401D}.Dev-Release|x64.ActiveCfg = Dev-Release|Any CPU
		{06273C2B-0889-491C-96BD-9ECEBA4B401D}.Dev-Release|x64.Build.0 = Dev-Release|Any CPU
		{06273C2B-0889-491C-96BD-9ECEBA4B401D}.Dev-Release|x86.ActiveCfg = Dev-Release|Any CPU
		{06273C2B-0889-491C-96BD-9ECEBA4B401D}.Dev-Release|x86.Build.0 = Dev-Release|Any CPU
		{06273C2B-0889-491C-96BD-9ECEBA4B401D}.Release|Any CPU.ActiveCfg = Release|Any CPU
		{06273C2B-0889-491C-96BD-9ECEBA4B401D}.Release|Any CPU.Build.0 = Release|Any CPU
		{06273C2B-0889-491C-96BD-9ECEBA4B401D}.Release|x64.ActiveCfg = Release|Any CPU
		{06273C2B-0889-491C-96BD-9ECEBA4B401D}.Release|x64.Build.0 = Release|Any CPU
		{06273C2B-0889-491C-96BD-9ECEBA4B401D}.Release|x86.ActiveCfg = Release|Any CPU
		{06273C2B-0889-491C-96BD-9ECEBA4B401D}.Release|x86.Build.0 = Release|Any CPU
		{89A0E2D3-3359-4919-959A-33735B2A6374}.64 bit tools|Any CPU.ActiveCfg = Release|Any CPU
		{89A0E2D3-3359-4919-959A-33735B2A6374}.64 bit tools|Any CPU.Build.0 = Release|Any CPU
		{89A0E2D3-3359-4919-959A-33735B2A6374}.64 bit tools|x64.ActiveCfg = Release|Any CPU
		{89A0E2D3-3359-4919-959A-33735B2A6374}.64 bit tools|x64.Build.0 = Release|Any CPU
		{89A0E2D3-3359-4919-959A-33735B2A6374}.64 bit tools|x86.ActiveCfg = Release|Any CPU
		{89A0E2D3-3359-4919-959A-33735B2A6374}.64 bit tools|x86.Build.0 = Release|Any CPU
		{89A0E2D3-3359-4919-959A-33735B2A6374}.Debug|Any CPU.ActiveCfg = Debug|Any CPU
		{89A0E2D3-3359-4919-959A-33735B2A6374}.Debug|Any CPU.Build.0 = Debug|Any CPU
		{89A0E2D3-3359-4919-959A-33735B2A6374}.Debug|x64.ActiveCfg = Debug|Any CPU
		{89A0E2D3-3359-4919-959A-33735B2A6374}.Debug|x64.Build.0 = Debug|Any CPU
		{89A0E2D3-3359-4919-959A-33735B2A6374}.Debug|x86.ActiveCfg = Debug|Any CPU
		{89A0E2D3-3359-4919-959A-33735B2A6374}.Debug|x86.Build.0 = Debug|Any CPU
		{89A0E2D3-3359-4919-959A-33735B2A6374}.Dev-Release|Any CPU.ActiveCfg = Release|Any CPU
		{89A0E2D3-3359-4919-959A-33735B2A6374}.Dev-Release|Any CPU.Build.0 = Release|Any CPU
		{89A0E2D3-3359-4919-959A-33735B2A6374}.Dev-Release|x64.ActiveCfg = Release|Any CPU
		{89A0E2D3-3359-4919-959A-33735B2A6374}.Dev-Release|x64.Build.0 = Release|Any CPU
		{89A0E2D3-3359-4919-959A-33735B2A6374}.Dev-Release|x86.ActiveCfg = Release|Any CPU
		{89A0E2D3-3359-4919-959A-33735B2A6374}.Dev-Release|x86.Build.0 = Release|Any CPU
		{89A0E2D3-3359-4919-959A-33735B2A6374}.Release|Any CPU.ActiveCfg = Release|Any CPU
		{89A0E2D3-3359-4919-959A-33735B2A6374}.Release|Any CPU.Build.0 = Release|Any CPU
		{89A0E2D3-3359-4919-959A-33735B2A6374}.Release|x64.ActiveCfg = Release|Any CPU
		{89A0E2D3-3359-4919-959A-33735B2A6374}.Release|x64.Build.0 = Release|Any CPU
		{89A0E2D3-3359-4919-959A-33735B2A6374}.Release|x86.ActiveCfg = Release|Any CPU
		{89A0E2D3-3359-4919-959A-33735B2A6374}.Release|x86.Build.0 = Release|Any CPU
		{9E25E194-42FD-44B2-AAD3-A0BC73FCF8D0}.64 bit tools|Any CPU.ActiveCfg = Release|Any CPU
		{9E25E194-42FD-44B2-AAD3-A0BC73FCF8D0}.64 bit tools|Any CPU.Build.0 = Release|Any CPU
		{9E25E194-42FD-44B2-AAD3-A0BC73FCF8D0}.64 bit tools|x64.ActiveCfg = Release|Any CPU
		{9E25E194-42FD-44B2-AAD3-A0BC73FCF8D0}.64 bit tools|x64.Build.0 = Release|Any CPU
		{9E25E194-42FD-44B2-AAD3-A0BC73FCF8D0}.64 bit tools|x86.ActiveCfg = Release|Any CPU
		{9E25E194-42FD-44B2-AAD3-A0BC73FCF8D0}.64 bit tools|x86.Build.0 = Release|Any CPU
		{9E25E194-42FD-44B2-AAD3-A0BC73FCF8D0}.Debug|Any CPU.ActiveCfg = Debug|Any CPU
		{9E25E194-42FD-44B2-AAD3-A0BC73FCF8D0}.Debug|Any CPU.Build.0 = Debug|Any CPU
		{9E25E194-42FD-44B2-AAD3-A0BC73FCF8D0}.Debug|x64.ActiveCfg = Debug|Any CPU
		{9E25E194-42FD-44B2-AAD3-A0BC73FCF8D0}.Debug|x64.Build.0 = Debug|Any CPU
		{9E25E194-42FD-44B2-AAD3-A0BC73FCF8D0}.Debug|x86.ActiveCfg = Debug|Any CPU
		{9E25E194-42FD-44B2-AAD3-A0BC73FCF8D0}.Debug|x86.Build.0 = Debug|Any CPU
		{9E25E194-42FD-44B2-AAD3-A0BC73FCF8D0}.Dev-Release|Any CPU.ActiveCfg = Release|Any CPU
		{9E25E194-42FD-44B2-AAD3-A0BC73FCF8D0}.Dev-Release|Any CPU.Build.0 = Release|Any CPU
		{9E25E194-42FD-44B2-AAD3-A0BC73FCF8D0}.Dev-Release|x64.ActiveCfg = Release|Any CPU
		{9E25E194-42FD-44B2-AAD3-A0BC73FCF8D0}.Dev-Release|x64.Build.0 = Release|Any CPU
		{9E25E194-42FD-44B2-AAD3-A0BC73FCF8D0}.Dev-Release|x86.ActiveCfg = Release|Any CPU
		{9E25E194-42FD-44B2-AAD3-A0BC73FCF8D0}.Dev-Release|x86.Build.0 = Release|Any CPU
		{9E25E194-42FD-44B2-AAD3-A0BC73FCF8D0}.Release|Any CPU.ActiveCfg = Release|Any CPU
		{9E25E194-42FD-44B2-AAD3-A0BC73FCF8D0}.Release|Any CPU.Build.0 = Release|Any CPU
		{9E25E194-42FD-44B2-AAD3-A0BC73FCF8D0}.Release|x64.ActiveCfg = Release|Any CPU
		{9E25E194-42FD-44B2-AAD3-A0BC73FCF8D0}.Release|x64.Build.0 = Release|Any CPU
		{9E25E194-42FD-44B2-AAD3-A0BC73FCF8D0}.Release|x86.ActiveCfg = Release|Any CPU
		{9E25E194-42FD-44B2-AAD3-A0BC73FCF8D0}.Release|x86.Build.0 = Release|Any CPU
		{23138697-94A9-4F9B-871A-34C6E3C5B752}.64 bit tools|Any CPU.ActiveCfg = 64 bit tools|Any CPU
		{23138697-94A9-4F9B-871A-34C6E3C5B752}.64 bit tools|Any CPU.Build.0 = 64 bit tools|Any CPU
		{23138697-94A9-4F9B-871A-34C6E3C5B752}.64 bit tools|x64.ActiveCfg = 64 bit tools|x64
		{23138697-94A9-4F9B-871A-34C6E3C5B752}.64 bit tools|x64.Build.0 = 64 bit tools|x64
		{23138697-94A9-4F9B-871A-34C6E3C5B752}.64 bit tools|x86.ActiveCfg = 64 bit tools|Any CPU
		{23138697-94A9-4F9B-871A-34C6E3C5B752}.64 bit tools|x86.Build.0 = 64 bit tools|Any CPU
		{23138697-94A9-4F9B-871A-34C6E3C5B752}.Debug|Any CPU.ActiveCfg = Debug|Any CPU
		{23138697-94A9-4F9B-871A-34C6E3C5B752}.Debug|Any CPU.Build.0 = Debug|Any CPU
		{23138697-94A9-4F9B-871A-34C6E3C5B752}.Debug|x64.ActiveCfg = Debug|x64
		{23138697-94A9-4F9B-871A-34C6E3C5B752}.Debug|x64.Build.0 = Debug|x64
		{23138697-94A9-4F9B-871A-34C6E3C5B752}.Debug|x86.ActiveCfg = Debug|Any CPU
		{23138697-94A9-4F9B-871A-34C6E3C5B752}.Debug|x86.Build.0 = Debug|Any CPU
		{23138697-94A9-4F9B-871A-34C6E3C5B752}.Dev-Release|Any CPU.ActiveCfg = Release|Any CPU
		{23138697-94A9-4F9B-871A-34C6E3C5B752}.Dev-Release|Any CPU.Build.0 = Release|Any CPU
		{23138697-94A9-4F9B-871A-34C6E3C5B752}.Dev-Release|x64.ActiveCfg = Release|x64
		{23138697-94A9-4F9B-871A-34C6E3C5B752}.Dev-Release|x64.Build.0 = Release|x64
		{23138697-94A9-4F9B-871A-34C6E3C5B752}.Dev-Release|x86.ActiveCfg = Release|Any CPU
		{23138697-94A9-4F9B-871A-34C6E3C5B752}.Dev-Release|x86.Build.0 = Release|Any CPU
		{23138697-94A9-4F9B-871A-34C6E3C5B752}.Release|Any CPU.ActiveCfg = Release|Any CPU
		{23138697-94A9-4F9B-871A-34C6E3C5B752}.Release|Any CPU.Build.0 = Release|Any CPU
		{23138697-94A9-4F9B-871A-34C6E3C5B752}.Release|x64.ActiveCfg = Release|x64
		{23138697-94A9-4F9B-871A-34C6E3C5B752}.Release|x64.Build.0 = Release|x64
		{23138697-94A9-4F9B-871A-34C6E3C5B752}.Release|x86.ActiveCfg = Release|Any CPU
		{23138697-94A9-4F9B-871A-34C6E3C5B752}.Release|x86.Build.0 = Release|Any CPU
		{D35A15F7-B429-467B-9D0E-9885E5D9E82D}.64 bit tools|Any CPU.ActiveCfg = 64 bit tools|Any CPU
		{D35A15F7-B429-467B-9D0E-9885E5D9E82D}.64 bit tools|Any CPU.Build.0 = 64 bit tools|Any CPU
		{D35A15F7-B429-467B-9D0E-9885E5D9E82D}.64 bit tools|x64.ActiveCfg = 64 bit tools|Any CPU
		{D35A15F7-B429-467B-9D0E-9885E5D9E82D}.64 bit tools|x64.Build.0 = 64 bit tools|Any CPU
		{D35A15F7-B429-467B-9D0E-9885E5D9E82D}.64 bit tools|x86.ActiveCfg = 64 bit tools|Any CPU
		{D35A15F7-B429-467B-9D0E-9885E5D9E82D}.64 bit tools|x86.Build.0 = 64 bit tools|Any CPU
		{D35A15F7-B429-467B-9D0E-9885E5D9E82D}.Debug|Any CPU.ActiveCfg = Debug|Any CPU
		{D35A15F7-B429-467B-9D0E-9885E5D9E82D}.Debug|Any CPU.Build.0 = Debug|Any CPU
		{D35A15F7-B429-467B-9D0E-9885E5D9E82D}.Debug|x64.ActiveCfg = Debug|Any CPU
		{D35A15F7-B429-467B-9D0E-9885E5D9E82D}.Debug|x64.Build.0 = Debug|Any CPU
		{D35A15F7-B429-467B-9D0E-9885E5D9E82D}.Debug|x86.ActiveCfg = Debug|Any CPU
		{D35A15F7-B429-467B-9D0E-9885E5D9E82D}.Debug|x86.Build.0 = Debug|Any CPU
		{D35A15F7-B429-467B-9D0E-9885E5D9E82D}.Dev-Release|Any CPU.ActiveCfg = Dev-Release|Any CPU
		{D35A15F7-B429-467B-9D0E-9885E5D9E82D}.Dev-Release|Any CPU.Build.0 = Dev-Release|Any CPU
		{D35A15F7-B429-467B-9D0E-9885E5D9E82D}.Dev-Release|x64.ActiveCfg = Dev-Release|Any CPU
		{D35A15F7-B429-467B-9D0E-9885E5D9E82D}.Dev-Release|x64.Build.0 = Dev-Release|Any CPU
		{D35A15F7-B429-467B-9D0E-9885E5D9E82D}.Dev-Release|x86.ActiveCfg = Dev-Release|Any CPU
		{D35A15F7-B429-467B-9D0E-9885E5D9E82D}.Dev-Release|x86.Build.0 = Dev-Release|Any CPU
		{D35A15F7-B429-467B-9D0E-9885E5D9E82D}.Release|Any CPU.ActiveCfg = Release|Any CPU
		{D35A15F7-B429-467B-9D0E-9885E5D9E82D}.Release|Any CPU.Build.0 = Release|Any CPU
		{D35A15F7-B429-467B-9D0E-9885E5D9E82D}.Release|x64.ActiveCfg = Release|Any CPU
		{D35A15F7-B429-467B-9D0E-9885E5D9E82D}.Release|x64.Build.0 = Release|Any CPU
		{D35A15F7-B429-467B-9D0E-9885E5D9E82D}.Release|x86.ActiveCfg = Release|Any CPU
		{D35A15F7-B429-467B-9D0E-9885E5D9E82D}.Release|x86.Build.0 = Release|Any CPU
	EndGlobalSection
	GlobalSection(SolutionProperties) = preSolution
		HideSolutionNode = FALSE
	EndGlobalSection
	GlobalSection(NestedProjects) = preSolution
		{CA7306E9-FB90-4D49-A59F-422468167ABB} = {F38074A9-D464-421F-BF7D-A4E2DBDBED4C}
		{1F87A20A-4D94-4F1E-8187-541DBE749678} = {1CDFBB4E-1857-41C1-8EBF-A177337F6173}
		{AF1C106B-86B4-4AD6-8176-3E8D246E50D0} = {1CDFBB4E-1857-41C1-8EBF-A177337F6173}
		{C08B11B3-E0E7-4FD7-A6C1-69FB40ABE8AE} = {1CDFBB4E-1857-41C1-8EBF-A177337F6173}
		{BC06AC8C-C576-4CDF-B732-F253599F0F34} = {1CDFBB4E-1857-41C1-8EBF-A177337F6173}
		{96DC2A34-F64C-4178-9AA3-879515ABF183} = {1CDFBB4E-1857-41C1-8EBF-A177337F6173}
		{BE0AD112-91D5-47AB-AA12-68AA261EE1E9} = {F38074A9-D464-421F-BF7D-A4E2DBDBED4C}
		{95A65344-106A-4994-8456-51B0F0EFB6C3} = {D531D264-6598-4E4F-8810-85D21B4D8B2E}
		{162B43A2-BDB7-4609-B562-44801B0F0C71} = {D531D264-6598-4E4F-8810-85D21B4D8B2E}
		{06273C2B-0889-491C-96BD-9ECEBA4B401D} = {1CDFBB4E-1857-41C1-8EBF-A177337F6173}
		{89A0E2D3-3359-4919-959A-33735B2A6374} = {1CDFBB4E-1857-41C1-8EBF-A177337F6173}
		{9E25E194-42FD-44B2-AAD3-A0BC73FCF8D0} = {1CDFBB4E-1857-41C1-8EBF-A177337F6173}
		{23138697-94A9-4F9B-871A-34C6E3C5B752} = {D531D264-6598-4E4F-8810-85D21B4D8B2E}
		{D35A15F7-B429-467B-9D0E-9885E5D9E82D} = {1CDFBB4E-1857-41C1-8EBF-A177337F6173}
	EndGlobalSection
	GlobalSection(ExtensibilityGlobals) = postSolution
		SolutionGuid = {3DCD0E0C-2611-4ACF-A463-F1A23FE8B0A4}
	EndGlobalSection
EndGlobal
