
Microsoft Visual Studio Solution File, Format Version 12.00
# Visual Studio 2012
Project("{FAE04EC0-301F-11D3-BF4B-00C04F79EFBC}") = "Fission", "..\Fission\Fission.csproj", "{A3A6A488-5607-44E2-A020-CDC7430F7F99}"
EndProject
Project("{FAE04EC0-301F-11D3-BF4B-00C04F79EFBC}") = "ClientSupport", "..\ClientSupport\ClientSupport.csproj", "{AF1C106B-86B4-4AD6-8176-3E8D246E50D0}"
	ProjectSection(ProjectDependencies) = postProject
		{AA6CBC21-EA24-4674-90E5-3146AD62F285} = {AA6CBC21-EA24-4674-90E5-3146AD62F285}
	EndProjectSection
EndProject
Project("{FAE04EC0-301F-11D3-BF4B-00C04F79EFBC}") = "MockClientSupport", "..\MockClientSupport\MockClientSupport.csproj", "{85B02F4E-8CC4-45A3-AB60-B0AD48C04118}"
EndProject
Project("{FAE04EC0-301F-11D3-BF4B-00C04F79EFBC}") = "SharedControls", "..\SharedControls\SharedControls.csproj", "{226811EA-7B5C-4337-9383-009DA3B94A45}"
EndProject
Project("{FAE04EC0-301F-11D3-BF4B-00C04F79EFBC}") = "CrashReporter", "..\CrashReporter\CrashReporter.csproj", "{162B43A2-BDB7-4609-B562-44801B0F0C71}"
EndProject
Project("{FAE04EC0-301F-11D3-BF4B-00C04F79EFBC}") = "HardwareReporter", "..\HardwareReporter\HardwareReporter.csproj", "{95A65344-106A-4994-8456-51B0F0EFB6C3}"
EndProject
Project("{FAE04EC0-301F-11D3-BF4B-00C04F79EFBC}") = "FORCServerSupport", "..\FORCServerSupport\FORCServerSupport.csproj", "{06273C2B-0889-491C-96BD-9ECEBA4B401D}"
EndProject
Project("{FAE04EC0-301F-11D3-BF4B-00C04F79EFBC}") = "FrontierSupport", "..\FrontierSupport\FrontierSupport.csproj", "{96DC2A34-F64C-4178-9AA3-879515ABF183}"
EndProject
Project("{FAE04EC0-301F-11D3-BF4B-00C04F79EFBC}") = "CobraBay", "..\CobraBay\CobraBay.csproj", "{02200F0B-796D-435B-BB76-D74CC9619F29}"
	ProjectSection(ProjectDependencies) = postProject
		{54BDCE84-A4D2-472A-8FD6-AACFEA998023} = {54BDCE84-A4D2-472A-8FD6-AACFEA998023}
		{23138697-94A9-4F9B-871A-34C6E3C5B752} = {23138697-94A9-4F9B-871A-34C6E3C5B752}
		{D35A15F7-B429-467B-9D0E-9885E5D9E82D} = {D35A15F7-B429-467B-9D0E-9885E5D9E82D}
	EndProjectSection
EndProject
Project("{2150E333-8FDC-42A3-9474-1A3956D46DE8}") = "Solution Items", "Solution Items", "{8D785ACB-A060-4A10-9FEF-C5D60D693EFB}"
	ProjectSection(SolutionItems) = preProject
		BuildInstructions.txt = BuildInstructions.txt
		OfflineProducts.txt = OfflineProducts.txt
		VersionInfo.cs = VersionInfo.cs
	EndProjectSection
EndProject
Project("{FAE04EC0-301F-11D3-BF4B-00C04F79EFBC}") = "FilePackage", "..\FilePackage\FilePackage.csproj", "{D35A15F7-B429-467B-9D0E-9885E5D9E82D}"
	ProjectSection(ProjectDependencies) = postProject
		{AA6CBC21-EA24-4674-90E5-3146AD62F285} = {AA6CBC21-EA24-4674-90E5-3146AD62F285}
	EndProjectSection
EndProject
Project("{FAE04EC0-301F-11D3-BF4B-00C04F79EFBC}") = "PackageTest", "..\PackageTest\PackageTest.csproj", "{2ABDB253-7570-448E-804B-77709109B08E}"
EndProject
Project("{2150E333-8FDC-42A3-9474-1A3956D46DE8}") = "TestTools", "TestTools", "{805D0390-034E-4D60-81D1-854553EB496E}"
	ProjectSection(SolutionItems) = preProject
		Tests.txt = Tests.txt
	EndProjectSection
EndProject
Project("{FAE04EC0-301F-11D3-BF4B-00C04F79EFBC}") = "Elevate", "..\Elevate\Elevate.csproj", "{54BDCE84-A4D2-472A-8FD6-AACFEA998023}"
	ProjectSection(ProjectDependencies) = postProject
		{AA6CBC21-EA24-4674-90E5-3146AD62F285} = {AA6CBC21-EA24-4674-90E5-3146AD62F285}
	EndProjectSection
EndProject
Project("{2150E333-8FDC-42A3-9474-1A3956D46DE8}") = "Launchers", "Launchers", "{52E53DF7-B44A-4F50-BB4C-2680ACF6E6D2}"
EndProject
Project("{2150E333-8FDC-42A3-9474-1A3956D46DE8}") = "ReleaseTools", "ReleaseTools", "{5B0D2F0C-9A33-4752-864C-A39A50790059}"
EndProject
Project("{2150E333-8FDC-42A3-9474-1A3956D46DE8}") = "Libraries", "Libraries", "{BEC30BE9-002E-4C22-B9B9-D088F0AE87D6}"
EndProject
Project("{2150E333-8FDC-42A3-9474-1A3956D46DE8}") = "InternalTools", "InternalTools", "{A8BA58DA-2F3C-4835-80B4-C2D869989486}"
EndProject
Project("{FAE04EC0-301F-11D3-BF4B-00C04F79EFBC}") = "ManifestTool", "..\ManifestTool\ManifestTool.csproj", "{8909D1E8-CCE6-49A0-85FA-959A93C6BD18}"
EndProject
Project("{2150E333-8FDC-42A3-9474-1A3956D46DE8}") = "Debug", "Debug", "{527DF34A-0695-4A15-A088-BDB7BF079DF8}"
EndProject
Project("{FAE04EC0-301F-11D3-BF4B-00C04F79EFBC}") = "MachineIdentifierTester", "..\Debug\MachineIdentifierTester\MachineIdentifierTester.csproj", "{0EB00BB4-7BB4-4564-8773-172FAF5F7923}"
	ProjectSection(ProjectDependencies) = postProject
		{23138697-94A9-4F9B-871A-34C6E3C5B752} = {23138697-94A9-4F9B-871A-34C6E3C5B752}
	EndProjectSection
EndProject
Project("{FAE04EC0-301F-11D3-BF4B-00C04F79EFBC}") = "MachineIdentifier", "..\MachineIdentifier\MachineIdentifier.csproj", "{23138697-94A9-4F9B-871A-34C6E3C5B752}"
EndProject
Project("{FAE04EC0-301F-11D3-BF4B-00C04F79EFBC}") = "RunElite", "..\Debug\RunElite\RunElite.csproj", "{0E5084D2-1EB0-4531-AE06-A131CD653B80}"
EndProject
Project("{FAE04EC0-301F-11D3-BF4B-00C04F79EFBC}") = "DriveCheck", "..\Debug\DriveCheck\DriveCheck.csproj", "{B1993642-4529-4DFC-9663-E4F67142BAD0}"
EndProject
Project("{FAE04EC0-301F-11D3-BF4B-00C04F79EFBC}") = "CBViewModel", "..\CBViewModel\CBViewModel.csproj", "{BC06AC8C-C576-4CDF-B732-F253599F0F34}"
EndProject
Project("{FAE04EC0-301F-11D3-BF4B-00C04F79EFBC}") = "VersionInfoMono", "..\VersionInfoMono\VersionInfoMono.csproj", "{AA6CBC21-EA24-4674-90E5-3146AD62F285}"
EndProject
Global
	GlobalSection(SolutionConfigurationPlatforms) = preSolution
		Debug|Mono = Debug|Mono
		Dev-Release|Mono = Dev-Release|Mono
		Release|Mono = Release|Mono
	EndGlobalSection
	GlobalSection(ProjectConfigurationPlatforms) = postSolution
		{A3A6A488-5607-44E2-A020-CDC7430F7F99}.Debug|Mono.ActiveCfg = Debug|Any CPU
		{A3A6A488-5607-44E2-A020-CDC7430F7F99}.Debug|Mono.Build.0 = Debug|Any CPU
		{A3A6A488-5607-44E2-A020-CDC7430F7F99}.Dev-Release|Mono.ActiveCfg = Dev-Release|Any CPU
		{A3A6A488-5607-44E2-A020-CDC7430F7F99}.Dev-Release|Mono.Build.0 = Dev-Release|Any CPU
		{A3A6A488-5607-44E2-A020-CDC7430F7F99}.Release|Mono.ActiveCfg = Release|Any CPU
		{A3A6A488-5607-44E2-A020-CDC7430F7F99}.Release|Mono.Build.0 = Release|Any CPU
		{AF1C106B-86B4-4AD6-8176-3E8D246E50D0}.Debug|Mono.ActiveCfg = Debug|Any CPU
		{AF1C106B-86B4-4AD6-8176-3E8D246E50D0}.Debug|Mono.Build.0 = Debug|Any CPU
		{AF1C106B-86B4-4AD6-8176-3E8D246E50D0}.Dev-Release|Mono.ActiveCfg = Dev-Release|Any CPU
		{AF1C106B-86B4-4AD6-8176-3E8D246E50D0}.Dev-Release|Mono.Build.0 = Dev-Release|Any CPU
		{AF1C106B-86B4-4AD6-8176-3E8D246E50D0}.Release|Mono.ActiveCfg = Release|Any CPU
		{AF1C106B-86B4-4AD6-8176-3E8D246E50D0}.Release|Mono.Build.0 = Release|Any CPU
		{85B02F4E-8CC4-45A3-AB60-B0AD48C04118}.Debug|Mono.ActiveCfg = Debug|Any CPU
		{85B02F4E-8CC4-45A3-AB60-B0AD48C04118}.Debug|Mono.Build.0 = Debug|Any CPU
		{85B02F4E-8CC4-45A3-AB60-B0AD48C04118}.Dev-Release|Mono.ActiveCfg = Dev-Release|Any CPU
		{85B02F4E-8CC4-45A3-AB60-B0AD48C04118}.Dev-Release|Mono.Build.0 = Dev-Release|Any CPU
		{85B02F4E-8CC4-45A3-AB60-B0AD48C04118}.Release|Mono.ActiveCfg = Release|Any CPU
		{85B02F4E-8CC4-45A3-AB60-B0AD48C04118}.Release|Mono.Build.0 = Release|Any CPU
		{226811EA-7B5C-4337-9383-009DA3B94A45}.Debug|Mono.ActiveCfg = Debug|Any CPU
		{226811EA-7B5C-4337-9383-009DA3B94A45}.Debug|Mono.Build.0 = Debug|Any CPU
		{226811EA-7B5C-4337-9383-009DA3B94A45}.Dev-Release|Mono.ActiveCfg = Dev-Release|Any CPU
		{226811EA-7B5C-4337-9383-009DA3B94A45}.Dev-Release|Mono.Build.0 = Dev-Release|Any CPU
		{226811EA-7B5C-4337-9383-009DA3B94A45}.Release|Mono.ActiveCfg = Release|Any CPU
		{226811EA-7B5C-4337-9383-009DA3B94A45}.Release|Mono.Build.0 = Release|Any CPU
		{162B43A2-BDB7-4609-B562-44801B0F0C71}.Debug|Mono.ActiveCfg = Debug|Any CPU
		{162B43A2-BDB7-4609-B562-44801B0F0C71}.Debug|Mono.Build.0 = Debug|Any CPU
		{162B43A2-BDB7-4609-B562-44801B0F0C71}.Dev-Release|Mono.ActiveCfg = Dev-Release|Any CPU
		{162B43A2-BDB7-4609-B562-44801B0F0C71}.Dev-Release|Mono.Build.0 = Dev-Release|Any CPU
		{162B43A2-BDB7-4609-B562-44801B0F0C71}.Release|Mono.ActiveCfg = Release|Any CPU
		{162B43A2-BDB7-4609-B562-44801B0F0C71}.Release|Mono.Build.0 = Release|Any CPU
		{95A65344-106A-4994-8456-51B0F0EFB6C3}.Debug|Mono.ActiveCfg = Debug|Any CPU
		{95A65344-106A-4994-8456-51B0F0EFB6C3}.Debug|Mono.Build.0 = Debug|Any CPU
		{95A65344-106A-4994-8456-51B0F0EFB6C3}.Dev-Release|Mono.ActiveCfg = Release|Any CPU
		{95A65344-106A-4994-8456-51B0F0EFB6C3}.Dev-Release|Mono.Build.0 = Release|Any CPU
		{95A65344-106A-4994-8456-51B0F0EFB6C3}.Release|Mono.ActiveCfg = Release|Any CPU
		{95A65344-106A-4994-8456-51B0F0EFB6C3}.Release|Mono.Build.0 = Release|Any CPU
		{06273C2B-0889-491C-96BD-9ECEBA4B401D}.Debug|Mono.ActiveCfg = Debug|Any CPU
		{06273C2B-0889-491C-96BD-9ECEBA4B401D}.Debug|Mono.Build.0 = Debug|Any CPU
		{06273C2B-0889-491C-96BD-9ECEBA4B401D}.Dev-Release|Mono.ActiveCfg = Dev-Release|Any CPU
		{06273C2B-0889-491C-96BD-9ECEBA4B401D}.Dev-Release|Mono.Build.0 = Dev-Release|Any CPU
		{06273C2B-0889-491C-96BD-9ECEBA4B401D}.Release|Mono.ActiveCfg = Release|Any CPU
		{06273C2B-0889-491C-96BD-9ECEBA4B401D}.Release|Mono.Build.0 = Release|Any CPU
		{96DC2A34-F64C-4178-9AA3-879515ABF183}.Debug|Mono.ActiveCfg = Debug|Any CPU
		{96DC2A34-F64C-4178-9AA3-879515ABF183}.Debug|Mono.Build.0 = Debug|Any CPU
		{96DC2A34-F64C-4178-9AA3-879515ABF183}.Dev-Release|Mono.ActiveCfg = Dev-Release|Any CPU
		{96DC2A34-F64C-4178-9AA3-879515ABF183}.Dev-Release|Mono.Build.0 = Dev-Release|Any CPU
		{96DC2A34-F64C-4178-9AA3-879515ABF183}.Release|Mono.ActiveCfg = Release|Any CPU
		{96DC2A34-F64C-4178-9AA3-879515ABF183}.Release|Mono.Build.0 = Release|Any CPU
		{02200F0B-796D-435B-BB76-D74CC9619F29}.Debug|Mono.ActiveCfg = Debug|Any CPU
		{02200F0B-796D-435B-BB76-D74CC9619F29}.Debug|Mono.Build.0 = Debug|Any CPU
		{02200F0B-796D-435B-BB76-D74CC9619F29}.Dev-Release|Mono.ActiveCfg = Dev-Release|Any CPU
		{02200F0B-796D-435B-BB76-D74CC9619F29}.Dev-Release|Mono.Build.0 = Dev-Release|Any CPU
		{02200F0B-796D-435B-BB76-D74CC9619F29}.Release|Mono.ActiveCfg = Release|Any CPU
		{02200F0B-796D-435B-BB76-D74CC9619F29}.Release|Mono.Build.0 = Release|Any CPU
		{D35A15F7-B429-467B-9D0E-9885E5D9E82D}.Debug|Mono.ActiveCfg = Debug|Any CPU
		{D35A15F7-B429-467B-9D0E-9885E5D9E82D}.Debug|Mono.Build.0 = Debug|Any CPU
		{D35A15F7-B429-467B-9D0E-9885E5D9E82D}.Dev-Release|Mono.ActiveCfg = Dev-Release|Any CPU
		{D35A15F7-B429-467B-9D0E-9885E5D9E82D}.Dev-Release|Mono.Build.0 = Dev-Release|Any CPU
		{D35A15F7-B429-467B-9D0E-9885E5D9E82D}.Release|Mono.ActiveCfg = Release|Any CPU
		{D35A15F7-B429-467B-9D0E-9885E5D9E82D}.Release|Mono.Build.0 = Release|Any CPU
		{2ABDB253-7570-448E-804B-77709109B08E}.Debug|Mono.ActiveCfg = Debug|Any CPU
		{2ABDB253-7570-448E-804B-77709109B08E}.Debug|Mono.Build.0 = Debug|Any CPU
		{2ABDB253-7570-448E-804B-77709109B08E}.Dev-Release|Mono.ActiveCfg = Dev-Release|Any CPU
		{2ABDB253-7570-448E-804B-77709109B08E}.Dev-Release|Mono.Build.0 = Dev-Release|Any CPU
		{2ABDB253-7570-448E-804B-77709109B08E}.Release|Mono.ActiveCfg = Release|Any CPU
		{2ABDB253-7570-448E-804B-77709109B08E}.Release|Mono.Build.0 = Release|Any CPU
		{54BDCE84-A4D2-472A-8FD6-AACFEA998023}.Debug|Mono.ActiveCfg = Debug|Any CPU
		{54BDCE84-A4D2-472A-8FD6-AACFEA998023}.Debug|Mono.Build.0 = Debug|Any CPU
		{54BDCE84-A4D2-472A-8FD6-AACFEA998023}.Dev-Release|Mono.ActiveCfg = Release|Any CPU
		{54BDCE84-A4D2-472A-8FD6-AACFEA998023}.Dev-Release|Mono.Build.0 = Release|Any CPU
		{54BDCE84-A4D2-472A-8FD6-AACFEA998023}.Release|Mono.ActiveCfg = Release|Any CPU
		{54BDCE84-A4D2-472A-8FD6-AACFEA998023}.Release|Mono.Build.0 = Release|Any CPU
		{8909D1E8-CCE6-49A0-85FA-959A93C6BD18}.Debug|Mono.ActiveCfg = Debug|Any CPU
		{8909D1E8-CCE6-49A0-85FA-959A93C6BD18}.Debug|Mono.Build.0 = Debug|Any CPU
		{8909D1E8-CCE6-49A0-85FA-959A93C6BD18}.Dev-Release|Mono.ActiveCfg = Release|Any CPU
		{8909D1E8-CCE6-49A0-85FA-959A93C6BD18}.Release|Mono.ActiveCfg = Release|Any CPU
		{8909D1E8-CCE6-49A0-85FA-959A93C6BD18}.Release|Mono.Build.0 = Release|Any CPU
		{0EB00BB4-7BB4-4564-8773-172FAF5F7923}.Debug|Mono.ActiveCfg = Debug|Any CPU
		{0EB00BB4-7BB4-4564-8773-172FAF5F7923}.Debug|Mono.Build.0 = Debug|Any CPU
		{0EB00BB4-7BB4-4564-8773-172FAF5F7923}.Dev-Release|Mono.ActiveCfg = Dev-Release|Any CPU
		{0EB00BB4-7BB4-4564-8773-172FAF5F7923}.Dev-Release|Mono.Build.0 = Dev-Release|Any CPU
		{0EB00BB4-7BB4-4564-8773-172FAF5F7923}.Release|Mono.ActiveCfg = Release|Any CPU
		{0EB00BB4-7BB4-4564-8773-172FAF5F7923}.Release|Mono.Build.0 = Release|Any CPU
		{23138697-94A9-4F9B-871A-34C6E3C5B752}.Debug|Mono.ActiveCfg = Debug|Any CPU
		{23138697-94A9-4F9B-871A-34C6E3C5B752}.Debug|Mono.Build.0 = Debug|Any CPU
		{23138697-94A9-4F9B-871A-34C6E3C5B752}.Dev-Release|Mono.ActiveCfg = Release|x64
		{23138697-94A9-4F9B-871A-34C6E3C5B752}.Dev-Release|Mono.Build.0 = Release|x64
		{23138697-94A9-4F9B-871A-34C6E3C5B752}.Release|Mono.ActiveCfg = Release|x64
		{23138697-94A9-4F9B-871A-34C6E3C5B752}.Release|Mono.Build.0 = Release|x64
		{0E5084D2-1EB0-4531-AE06-A131CD653B80}.Debug|Mono.ActiveCfg = Debug|Any CPU
		{0E5084D2-1EB0-4531-AE06-A131CD653B80}.Debug|Mono.Build.0 = Debug|Any CPU
		{0E5084D2-1EB0-4531-AE06-A131CD653B80}.Dev-Release|Mono.ActiveCfg = Release|Any CPU
		{0E5084D2-1EB0-4531-AE06-A131CD653B80}.Dev-Release|Mono.Build.0 = Release|Any CPU
		{0E5084D2-1EB0-4531-AE06-A131CD653B80}.Release|Mono.ActiveCfg = Release|Any CPU
		{0E5084D2-1EB0-4531-AE06-A131CD653B80}.Release|Mono.Build.0 = Release|Any CPU
		{B1993642-4529-4DFC-9663-E4F67142BAD0}.Debug|Mono.ActiveCfg = Debug|Any CPU
		{B1993642-4529-4DFC-9663-E4F67142BAD0}.Debug|Mono.Build.0 = Debug|Any CPU
		{B1993642-4529-4DFC-9663-E4F67142BAD0}.Dev-Release|Mono.ActiveCfg = Release|Any CPU
		{B1993642-4529-4DFC-9663-E4F67142BAD0}.Dev-Release|Mono.Build.0 = Release|Any CPU
		{B1993642-4529-4DFC-9663-E4F67142BAD0}.Release|Mono.ActiveCfg = Release|Any CPU
		{B1993642-4529-4DFC-9663-E4F67142BAD0}.Release|Mono.Build.0 = Release|Any CPU
		{BC06AC8C-C576-4CDF-B732-F253599F0F34}.Debug|Mono.ActiveCfg = Debug|Any CPU
		{BC06AC8C-C576-4CDF-B732-F253599F0F34}.Debug|Mono.Build.0 = Debug|Any CPU
		{BC06AC8C-C576-4CDF-B732-F253599F0F34}.Dev-Release|Mono.ActiveCfg = Release|Any CPU
		{BC06AC8C-C576-4CDF-B732-F253599F0F34}.Dev-Release|Mono.Build.0 = Release|Any CPU
		{BC06AC8C-C576-4CDF-B732-F253599F0F34}.Release|Mono.ActiveCfg = Release|Any CPU
		{BC06AC8C-C576-4CDF-B732-F253599F0F34}.Release|Mono.Build.0 = Release|Any CPU
		{AA6CBC21-EA24-4674-90E5-3146AD62F285}.Debug|Mono.ActiveCfg = Debug|Any CPU
		{AA6CBC21-EA24-4674-90E5-3146AD62F285}.Debug|Mono.Build.0 = Debug|Any CPU
		{AA6CBC21-EA24-4674-90E5-3146AD62F285}.Dev-Release|Mono.ActiveCfg = Release|Any CPU
		{AA6CBC21-EA24-4674-90E5-3146AD62F285}.Dev-Release|Mono.Build.0 = Release|Any CPU
		{AA6CBC21-EA24-4674-90E5-3146AD62F285}.Release|Mono.ActiveCfg = Release|Any CPU
		{AA6CBC21-EA24-4674-90E5-3146AD62F285}.Release|Mono.Build.0 = Release|Any CPU
	EndGlobalSection
	GlobalSection(SolutionProperties) = preSolution
		HideSolutionNode = FALSE
	EndGlobalSection
	GlobalSection(NestedProjects) = preSolution
		{02200F0B-796D-435B-BB76-D74CC9619F29} = {52E53DF7-B44A-4F50-BB4C-2680ACF6E6D2}
		{A3A6A488-5607-44E2-A020-CDC7430F7F99} = {52E53DF7-B44A-4F50-BB4C-2680ACF6E6D2}
		{85B02F4E-8CC4-45A3-AB60-B0AD48C04118} = {BEC30BE9-002E-4C22-B9B9-D088F0AE87D6}
		{226811EA-7B5C-4337-9383-009DA3B94A45} = {BEC30BE9-002E-4C22-B9B9-D088F0AE87D6}
		{06273C2B-0889-491C-96BD-9ECEBA4B401D} = {BEC30BE9-002E-4C22-B9B9-D088F0AE87D6}
		{96DC2A34-F64C-4178-9AA3-879515ABF183} = {BEC30BE9-002E-4C22-B9B9-D088F0AE87D6}
		{D35A15F7-B429-467B-9D0E-9885E5D9E82D} = {BEC30BE9-002E-4C22-B9B9-D088F0AE87D6}
		{AF1C106B-86B4-4AD6-8176-3E8D246E50D0} = {BEC30BE9-002E-4C22-B9B9-D088F0AE87D6}
		{BC06AC8C-C576-4CDF-B732-F253599F0F34} = {BEC30BE9-002E-4C22-B9B9-D088F0AE87D6}
		{AA6CBC21-EA24-4674-90E5-3146AD62F285} = {BEC30BE9-002E-4C22-B9B9-D088F0AE87D6}
		{95A65344-106A-4994-8456-51B0F0EFB6C3} = {5B0D2F0C-9A33-4752-864C-A39A50790059}
		{54BDCE84-A4D2-472A-8FD6-AACFEA998023} = {5B0D2F0C-9A33-4752-864C-A39A50790059}
		{162B43A2-BDB7-4609-B562-44801B0F0C71} = {5B0D2F0C-9A33-4752-864C-A39A50790059}
		{23138697-94A9-4F9B-871A-34C6E3C5B752} = {5B0D2F0C-9A33-4752-864C-A39A50790059}
		{2ABDB253-7570-448E-804B-77709109B08E} = {805D0390-034E-4D60-81D1-854553EB496E}
		{8909D1E8-CCE6-49A0-85FA-959A93C6BD18} = {A8BA58DA-2F3C-4835-80B4-C2D869989486}
		{0EB00BB4-7BB4-4564-8773-172FAF5F7923} = {527DF34A-0695-4A15-A088-BDB7BF079DF8}
		{0E5084D2-1EB0-4531-AE06-A131CD653B80} = {527DF34A-0695-4A15-A088-BDB7BF079DF8}
		{B1993642-4529-4DFC-9663-E4F67142BAD0} = {527DF34A-0695-4A15-A088-BDB7BF079DF8}
	EndGlobalSection
EndGlobal
