
Microsoft Visual Studio Solution File, Format Version 12.00
# Visual Studio Version 17
VisualStudioVersion = 17.12.35728.132 d17.12
MinimumVisualStudioVersion = 10.0.40219.1
Project("{FAE04EC0-301F-11D3-BF4B-00C04F79EFBC}") = "DriveCheck", "DriveCheck.csproj", "{B1993642-4529-4DFC-9663-E4F67142BAD0}"
EndProject
Global
	GlobalSection(SolutionConfigurationPlatforms) = preSolution
		64 bit tools|Any CPU = 64 bit tools|Any CPU
		Debug|Any CPU = Debug|Any CPU
		Release|Any CPU = Release|Any CPU
	EndGlobalSection
	GlobalSection(ProjectConfigurationPlatforms) = postSolution
		{B1993642-4529-4DFC-9663-E4F67142BAD0}.64 bit tools|Any CPU.ActiveCfg = 64 bit tools|Any CPU
		{B1993642-4529-4DFC-9663-E4F67142BAD0}.64 bit tools|Any CPU.Build.0 = 64 bit tools|Any CPU
		{B1993642-4529-4DFC-9663-E4F67142BAD0}.Debug|Any CPU.ActiveCfg = Debug|Any CPU
		{B1993642-4529-4DFC-9663-E4F67142BAD0}.Debug|Any CPU.Build.0 = Debug|Any CPU
		{B1993642-4529-4DFC-9663-E4F67142BAD0}.Release|Any CPU.ActiveCfg = Release|Any CPU
		{B1993642-4529-4DFC-9663-E4F67142BAD0}.Release|Any CPU.Build.0 = Release|Any CPU
	EndGlobalSection
	GlobalSection(SolutionProperties) = preSolution
		HideSolutionNode = FALSE
	EndGlobalSection
EndGlobal
