// !$*UTF8*$!
{
	archiveVersion = 1;
	classes = {
	};
	objectVersion = 46;
	objects = {

/* Begin PBXBuildFile section */
		67B932F11A6FFD6700C4EADA /* main.c in Sources */ = {isa = PBXBuildFile; fileRef = 67B932F01A6FFD6700C4EADA /* main.c */; };
/* End PBXBuildFile section */

/* Begin PBXCopyFilesBuildPhase section */
		67B932EB1A6FFD6700C4EADA /* CopyFiles */ = {
			isa = PBXCopyFilesBuildPhase;
			buildActionMask = 2147483647;
			dstPath = /usr/share/man/man1/;
			dstSubfolderSpec = 0;
			files = (
			);
			runOnlyForDeploymentPostprocessing = 1;
		};
/* End PBXCopyFilesBuildPhase section */

/* Begin PBXFileReference section */
		67B932ED1A6FFD6700C4EADA /* edbootstrapper */ = {isa = PBXFileReference; explicitFileType = "compiled.mach-o.executable"; includeInIndex = 0; path = edbootstrapper; sourceTree = BUILT_PRODUCTS_DIR; };
		67B932F01A6FFD6700C4EADA /* main.c */ = {isa = PBXFileReference; lastKnownFileType = sourcecode.c.c; path = main.c; sourceTree = "<group>"; };
/* End PBXFileReference section */

/* Begin PBXFrameworksBuildPhase section */
		67B932EA1A6FFD6700C4EADA /* Frameworks */ = {
			isa = PBXFrameworksBuildPhase;
			buildActionMask = 2147483647;
			files = (
			);
			runOnlyForDeploymentPostprocessing = 0;
		};
/* End PBXFrameworksBuildPhase section */

/* Begin PBXGroup section */
		67B932E41A6FFD6700C4EADA = {
			isa = PBXGroup;
			children = (
				67B932EF1A6FFD6700C4EADA /* edbootstrapper */,
				67B932EE1A6FFD6700C4EADA /* Products */,
			);
			sourceTree = "<group>";
		};
		67B932EE1A6FFD6700C4EADA /* Products */ = {
			isa = PBXGroup;
			children = (
				67B932ED1A6FFD6700C4EADA /* edbootstrapper */,
			);
			name = Products;
			sourceTree = "<group>";
		};
		67B932EF1A6FFD6700C4EADA /* edbootstrapper */ = {
			isa = PBXGroup;
			children = (
				67B932F01A6FFD6700C4EADA /* main.c */,
			);
			path = edbootstrapper;
			sourceTree = "<group>";
		};
/* End PBXGroup section */

/* Begin PBXNativeTarget section */
		67B932EC1A6FFD6700C4EADA /* edbootstrapper */ = {
			isa = PBXNativeTarget;
			buildConfigurationList = 67B932F41A6FFD6700C4EADA /* Build configuration list for PBXNativeTarget "edbootstrapper" */;
			buildPhases = (
				67B932E91A6FFD6700C4EADA /* Sources */,
				67B932EA1A6FFD6700C4EADA /* Frameworks */,
				67B932EB1A6FFD6700C4EADA /* CopyFiles */,
			);
			buildRules = (
			);
			dependencies = (
			);
			name = edbootstrapper;
			productName = edbootstrapper;
			productReference = 67B932ED1A6FFD6700C4EADA /* edbootstrapper */;
			productType = "com.apple.product-type.tool";
		};
/* End PBXNativeTarget section */

/* Begin PBXProject section */
		67B932E51A6FFD6700C4EADA /* Project object */ = {
			isa = PBXProject;
			attributes = {
				LastUpgradeCheck = 0610;
				ORGANIZATIONNAME = "Frontier Developments PLC.";
				TargetAttributes = {
					67B932EC1A6FFD6700C4EADA = {
						CreatedOnToolsVersion = 6.1;
					};
				};
			};
			buildConfigurationList = 67B932E81A6FFD6700C4EADA /* Build configuration list for PBXProject "edbootstrapper" */;
			compatibilityVersion = "Xcode 3.2";
			developmentRegion = English;
			hasScannedForEncodings = 0;
			knownRegions = (
				en,
			);
			mainGroup = 67B932E41A6FFD6700C4EADA;
			productRefGroup = 67B932EE1A6FFD6700C4EADA /* Products */;
			projectDirPath = "";
			projectRoot = "";
			targets = (
				67B932EC1A6FFD6700C4EADA /* edbootstrapper */,
			);
		};
/* End PBXProject section */

/* Begin PBXSourcesBuildPhase section */
		67B932E91A6FFD6700C4EADA /* Sources */ = {
			isa = PBXSourcesBuildPhase;
			buildActionMask = 2147483647;
			files = (
				67B932F11A6FFD6700C4EADA /* main.c in Sources */,
			);
			runOnlyForDeploymentPostprocessing = 0;
		};
/* End PBXSourcesBuildPhase section */

/* Begin XCBuildConfiguration section */
		67B932F21A6FFD6700C4EADA /* Debug */ = {
			isa = XCBuildConfiguration;
			buildSettings = {
				ALWAYS_SEARCH_USER_PATHS = NO;
				CLANG_CXX_LANGUAGE_STANDARD = "gnu++0x";
				CLANG_CXX_LIBRARY = "libc++";
				CLANG_ENABLE_MODULES = YES;
				CLANG_ENABLE_OBJC_ARC = YES;
				CLANG_WARN_BOOL_CONVERSION = YES;
				CLANG_WARN_CONSTANT_CONVERSION = YES;
				CLANG_WARN_DIRECT_OBJC_ISA_USAGE = YES_ERROR;
				CLANG_WARN_EMPTY_BODY = YES;
				CLANG_WARN_ENUM_CONVERSION = YES;
				CLANG_WARN_INT_CONVERSION = YES;
				CLANG_WARN_OBJC_ROOT_CLASS = YES_ERROR;
				CLANG_WARN_UNREACHABLE_CODE = YES;
				CLANG_WARN__DUPLICATE_METHOD_MATCH = YES;
				COPY_PHASE_STRIP = NO;
				ENABLE_STRICT_OBJC_MSGSEND = YES;
				GCC_C_LANGUAGE_STANDARD = gnu99;
				GCC_DYNAMIC_NO_PIC = NO;
				GCC_OPTIMIZATION_LEVEL = 0;
				GCC_PREPROCESSOR_DEFINITIONS = (
					"DEBUG=1",
					"$(inherited)",
				);
				GCC_SYMBOLS_PRIVATE_EXTERN = NO;
				GCC_WARN_64_TO_32_BIT_CONVERSION = YES;
				GCC_WARN_ABOUT_RETURN_TYPE = YES_ERROR;
				GCC_WARN_UNDECLARED_SELECTOR = YES;
				GCC_WARN_UNINITIALIZED_AUTOS = YES_AGGRESSIVE;
				GCC_WARN_UNUSED_FUNCTION = YES;
				GCC_WARN_UNUSED_VARIABLE = YES;
				MACOSX_DEPLOYMENT_TARGET = 10.10;
				MTL_ENABLE_DEBUG_INFO = YES;
				ONLY_ACTIVE_ARCH = YES;
				SDKROOT = macosx;
			};
			name = Debug;
		};
		67B932F31A6FFD6700C4EADA /* Release */ = {
			isa = XCBuildConfiguration;
			buildSettings = {
				ALWAYS_SEARCH_USER_PATHS = NO;
				CLANG_CXX_LANGUAGE_STANDARD = "gnu++0x";
				CLANG_CXX_LIBRARY = "libc++";
				CLANG_ENABLE_MODULES = YES;
				CLANG_ENABLE_OBJC_ARC = YES;
				CLANG_WARN_BOOL_CONVERSION = YES;
				CLANG_WARN_CONSTANT_CONVERSION = YES;
				CLANG_WARN_DIRECT_OBJC_ISA_USAGE = YES_ERROR;
				CLANG_WARN_EMPTY_BODY = YES;
				CLANG_WARN_ENUM_CONVERSION = YES;
				CLANG_WARN_INT_CONVERSION = YES;
				CLANG_WARN_OBJC_ROOT_CLASS = YES_ERROR;
				CLANG_WARN_UNREACHABLE_CODE = YES;
				CLANG_WARN__DUPLICATE_METHOD_MATCH = YES;
				COPY_PHASE_STRIP = YES;
				DEBUG_INFORMATION_FORMAT = "dwarf-with-dsym";
				ENABLE_NS_ASSERTIONS = NO;
				ENABLE_STRICT_OBJC_MSGSEND = YES;
				GCC_C_LANGUAGE_STANDARD = gnu99;
				GCC_WARN_64_TO_32_BIT_CONVERSION = YES;
				GCC_WARN_ABOUT_RETURN_TYPE = YES_ERROR;
				GCC_WARN_UNDECLARED_SELECTOR = YES;
				GCC_WARN_UNINITIALIZED_AUTOS = YES_AGGRESSIVE;
				GCC_WARN_UNUSED_FUNCTION = YES;
				GCC_WARN_UNUSED_VARIABLE = YES;
				MACOSX_DEPLOYMENT_TARGET = 10.10;
				MTL_ENABLE_DEBUG_INFO = NO;
				SDKROOT = macosx;
			};
			name = Release;
		};
		67B932F51A6FFD6700C4EADA /* Debug */ = {
			isa = XCBuildConfiguration;
			buildSettings = {
				PRODUCT_NAME = "$(TARGET_NAME)";
			};
			name = Debug;
		};
		67B932F61A6FFD6700C4EADA /* Release */ = {
			isa = XCBuildConfiguration;
			buildSettings = {
				PRODUCT_NAME = "$(TARGET_NAME)";
			};
			name = Release;
		};
/* End XCBuildConfiguration section */

/* Begin XCConfigurationList section */
		67B932E81A6FFD6700C4EADA /* Build configuration list for PBXProject "edbootstrapper" */ = {
			isa = XCConfigurationList;
			buildConfigurations = (
				67B932F21A6FFD6700C4EADA /* Debug */,
				67B932F31A6FFD6700C4EADA /* Release */,
			);
			defaultConfigurationIsVisible = 0;
			defaultConfigurationName = Release;
		};
		67B932F41A6FFD6700C4EADA /* Build configuration list for PBXNativeTarget "edbootstrapper" */ = {
			isa = XCConfigurationList;
			buildConfigurations = (
				67B932F51A6FFD6700C4EADA /* Debug */,
				67B932F61A6FFD6700C4EADA /* Release */,
			);
			defaultConfigurationIsVisible = 0;
		};
/* End XCConfigurationList section */
	};
	rootObject = 67B932E51A6FFD6700C4EADA /* Project object */;
}
